<?xml version="1.0" encoding="utf-8"?>
<Project ToolsVersion="4.0" xmlns="http://schemas.microsoft.com/developer/msbuild/2003">
  <ItemGroup>
    <Filter Include="Glue">
      <UniqueIdentifier>{52D9857C-3E10-870D-E7FC-6C10D312030F}</UniqueIdentifier>
    </Filter>
  </ItemGroup>
  <ItemGroup>
    <ClInclude Include="src\Glue.h" />
    <ClInclude Include="src\Glue\Application.h">
      <Filter>Glue</Filter>
    </ClInclude>
    <ClInclude Include="src\Glue\Core.h">
      <Filter>Glue</Filter>
    </ClInclude>
    <ClInclude Include="src\Glue\EntryPoint.h">
      <Filter>Glue</Filter>
    </ClInclude>
    <ClInclude Include="src\Glue\Log.h">
      <Filter>Glue</Filter>
    </ClInclude>
  </ItemGroup>
  <ItemGroup>
    <ClCompile Include="src\Glue\Application.cpp">
      <Filter>Glue</Filter>
    </ClCompile>
    <ClCompile Include="src\Glue\Log.cpp">
      <Filter>Glue</Filter>
    </ClCompile>
  </ItemGroup>
</Project>