<?xml version="1.0" encoding="utf-8"?>
<Project ToolsVersion="4.0" xmlns="http://schemas.microsoft.com/developer/msbuild/2003">
  <ItemGroup>
    <Filter Include="Glue">
      <UniqueIdentifier>{52D9857C-3E10-870D-E7FC-6C10D312030F}</UniqueIdentifier>
    </Filter>
    <Filter Include="Glue\Events">
      <UniqueIdentifier>{F694E3DA-624A-5CD0-EB3E-56A757F352D4}</UniqueIdentifier>
    </Filter>
    <Filter Include="Glue\ImGui">
      <UniqueIdentifier>{FC83F444-E83B-3692-5143-0FEE3D1AD182}</UniqueIdentifier>
    </Filter>
    <Filter Include="Platform">
      <UniqueIdentifier>{2AC788B4-1694-E3BF-3FAD-D1672BD9184E}</UniqueIdentifier>
    </Filter>
    <Filter Include="Platform\OpenGL">
      <UniqueIdentifier>{1E7D2C1D-8A08-9AE1-9319-1DD6FF23F6E1}</UniqueIdentifier>
    </Filter>
    <Filter Include="Platform\Windows">
      <UniqueIdentifier>{64FBD71A-50F4-F66C-7926-DCF1657ED678}</UniqueIdentifier>
    </Filter>
  </ItemGroup>
  <ItemGroup>
    <ClInclude Include="src\Glue.h" />
    <ClInclude Include="src\Glue\Application.h">
      <Filter>Glue</Filter>
    </ClInclude>
    <ClInclude Include="src\Glue\Core.h">
      <Filter>Glue</Filter>
    </ClInclude>
    <ClInclude Include="src\Glue\EntryPoint.h">
      <Filter>Glue</Filter>
    </ClInclude>
    <ClInclude Include="src\Glue\Events\ApplicationEvent.h">
      <Filter>Glue\Events</Filter>
    </ClInclude>
    <ClInclude Include="src\Glue\Events\Event.h">
      <Filter>Glue\Events</Filter>
    </ClInclude>
    <ClInclude Include="src\Glue\Events\KeyEvent.h">
      <Filter>Glue\Events</Filter>
    </ClInclude>
    <ClInclude Include="src\Glue\Events\MouseEvent.h">
      <Filter>Glue\Events</Filter>
    </ClInclude>
    <ClInclude Include="src\Glue\ImGui\ImGuiLayer.h">
      <Filter>Glue\ImGui</Filter>
    </ClInclude>
    <ClInclude Include="src\Glue\Layer.h">
      <Filter>Glue</Filter>
    </ClInclude>
    <ClInclude Include="src\Glue\LayerStack.h">
      <Filter>Glue</Filter>
    </ClInclude>
    <ClInclude Include="src\Glue\Log.h">
      <Filter>Glue</Filter>
    </ClInclude>
    <ClInclude Include="src\Glue\Window.h">
      <Filter>Glue</Filter>
    </ClInclude>
    <ClInclude Include="src\Platform\OpenGL\ImGuiOpenGLRenderer.h">
      <Filter>Platform\OpenGL</Filter>
    </ClInclude>
    <ClInclude Include="src\Platform\Windows\WindowsWindow.h">
      <Filter>Platform\Windows</Filter>
    </ClInclude>
    <ClInclude Include="src\gluepch.h" />
  </ItemGroup>
  <ItemGroup>
    <ClCompile Include="src\Glue\Application.cpp">
      <Filter>Glue</Filter>
    </ClCompile>
    <ClCompile Include="src\Glue\ImGui\ImGuiLayer.cpp">
      <Filter>Glue\ImGui</Filter>
    </ClCompile>
    <ClCompile Include="src\Glue\Layer.cpp">
      <Filter>Glue</Filter>
    </ClCompile>
    <ClCompile Include="src\Glue\LayerStack.cpp">
      <Filter>Glue</Filter>
    </ClCompile>
    <ClCompile Include="src\Glue\Log.cpp">
      <Filter>Glue</Filter>
    </ClCompile>
    <ClCompile Include="src\Platform\OpenGL\ImGuiOpenGLRenderer.cpp">
      <Filter>Platform\OpenGL</Filter>
    </ClCompile>
    <ClCompile Include="src\Platform\Windows\WindowsWindow.cpp">
      <Filter>Platform\Windows</Filter>
    </ClCompile>
    <ClCompile Include="src\gluepch.cpp" />
  </ItemGroup>
</Project>